
Microsoft Visual Studio Solution File, Format Version 12.00
Project("{FAE04EC0-301F-11D3-BF4B-00C04F79EFBC}") = "Yt.NullableRefs", "Yt.NullableRefs\Yt.NullableRefs.csproj", "{336BD041-5BD8-4AFD-8E1D-5417CE287446}"
EndProject
Project("{FAE04EC0-301F-11D3-BF4B-00C04F79EFBC}") = "FE", "FE\FE.csproj", "{17C945FF-64CA-4B39-961D-77E241C9EE21}"
EndProject
Global
	GlobalSection(SolutionConfigurationPlatforms) = preSolution
		Debug|Any CPU = Debug|Any CPU
		Release|Any CPU = Release|Any CPU
	EndGlobalSection
	GlobalSection(ProjectConfigurationPlatforms) = postSolution
		{336BD041-5BD8-4AFD-8E1D-5417CE287446}.Debug|Any CPU.ActiveCfg = Debug|Any CPU
		{336BD041-5BD8-4AFD-8E1D-5417CE287446}.Debug|Any CPU.Build.0 = Debug|Any CPU
		{336BD041-5BD8-4AFD-8E1D-5417CE287446}.Release|Any CPU.ActiveCfg = Release|Any CPU
		{336BD041-5BD8-4AFD-8E1D-5417CE287446}.Release|Any CPU.Build.0 = Release|Any CPU
		{17C945FF-64CA-4B39-961D-77E241C9EE21}.Debug|Any CPU.ActiveCfg = Debug|Any CPU
		{17C945FF-64CA-4B39-961D-77E241C9EE21}.Debug|Any CPU.Build.0 = Debug|Any CPU
		{17C945FF-64CA-4B39-961D-77E241C9EE21}.Release|Any CPU.ActiveCfg = Release|Any CPU
		{17C945FF-64CA-4B39-961D-77E241C9EE21}.Release|Any CPU.Build.0 = Release|Any CPU
	EndGlobalSection
EndGlobal
